
Microsoft Visual Studio Solution File, Format Version 12.00
# Visual Studio Version 17
VisualStudioVersion = 17.0.32112.339
MinimumVisualStudioVersion = 10.0.40219.1
Project("{FAE04EC0-301F-11D3-BF4B-00C04F79EFBC}") = "SquareChaser", "SquareChaser\SquareChaser.csproj", "{D0604D81-DF73-48CF-A6BC-788B28CB619E}"
EndProject
Global
	GlobalSection(SolutionConfigurationPlatforms) = preSolution
		Debug|Any CPU = Debug|Any CPU
		Release|Any CPU = Release|Any CPU
	EndGlobalSection
	GlobalSection(ProjectConfigurationPlatforms) = postSolution
		{D0604D81-DF73-48CF-A6BC-788B28CB619E}.Debug|Any CPU.ActiveCfg = Debug|Any CPU
		{D0604D81-DF73-48CF-A6BC-788B28CB619E}.Debug|Any CPU.Build.0 = Debug|Any CPU
		{D0604D81-DF73-48CF-A6BC-788B28CB619E}.Release|Any CPU.ActiveCfg = Release|Any CPU
		{D0604D81-DF73-48CF-A6BC-788B28CB619E}.Release|Any CPU.Build.0 = Release|Any CPU
	EndGlobalSection
	GlobalSection(SolutionProperties) = preSolution
		HideSolutionNode = FALSE
	EndGlobalSection
	GlobalSection(ExtensibilityGlobals) = postSolution
		SolutionGuid = {F0A21D6E-6051-4642-921A-DC89368A1969}
	EndGlobalSection
EndGlobal
